// !$*UTF8*$!
{
	archiveVersion = 1;
	classes = {
	};
	objectVersion = 45;
	objects = {

/* Begin PBXBuildFile section */
		1DDD58160DA1D0A300B32029 /* MainMenu.xib in Resources */ = {isa = PBXBuildFile; fileRef = 1DDD58140DA1D0A300B32029 /* MainMenu.xib */; };
		8D11072B0486CEB800E47090 /* InfoPlist.strings in Resources */ = {isa = PBXBuildFile; fileRef = 089C165CFE840E0CC02AAC07 /* InfoPlist.strings */; };
		8D11072D0486CEB800E47090 /* main.m in Sources */ = {isa = PBXBuildFile; fileRef = 29B97316FDCFA39411CA2CEA /* main.m */; settings = {ATTRIBUTES = (); }; };
		8D11072F0486CEB800E47090 /* Cocoa.framework in Frameworks */ = {isa = PBXBuildFile; fileRef = 1058C7A1FEA54F0111CA2CBB /* Cocoa.framework */; };
		BF1E318F10CB3A2E00163053 /* clockwiseArrows.png in Resources */ = {isa = PBXBuildFile; fileRef = BF1E318D10CB3A2E00163053 /* clockwiseArrows.png */; };
		BF1E319010CB3A2E00163053 /* counterclockwiseArrows.png in Resources */ = {isa = PBXBuildFile; fileRef = BF1E318E10CB3A2E00163053 /* counterclockwiseArrows.png */; };
		BF325C1B1138635F003058BE /* cameraPair.py in Resources */ = {isa = PBXBuildFile; fileRef = BF325C1A1138635F003058BE /* cameraPair.py */; };
		BF325C1F11386383003058BE /* ImageBridge.py in Resources */ = {isa = PBXBuildFile; fileRef = BF325C1E11386383003058BE /* ImageBridge.py */; };
		BF32A02E11388AC1003058BE /* AtlasViewer.py in Resources */ = {isa = PBXBuildFile; fileRef = BF32A02D11388AC1003058BE /* AtlasViewer.py */; };
		BF333D1E10CD47490009217F /* IPSerialBridge.py in Resources */ = {isa = PBXBuildFile; fileRef = BF333D1D10CD47490009217F /* IPSerialBridge.py */; };
		BF333D2610CD47560009217F /* CNCAxes.py in Resources */ = {isa = PBXBuildFile; fileRef = BF333D2510CD47560009217F /* CNCAxes.py */; };
		BF333D2910CD47960009217F /* CNCController.py in Resources */ = {isa = PBXBuildFile; fileRef = BF333D2810CD47960009217F /* CNCController.py */; };
		BF3F3B7A119C477C00FAFDE9 /* vector.py in Resources */ = {isa = PBXBuildFile; fileRef = BF3F3B79119C477C00FAFDE9 /* vector.py */; };
		BF42CC08114FDC0D008754B2 /* cfg.py in Resources */ = {isa = PBXBuildFile; fileRef = BF42CC07114FDC0D008754B2 /* cfg.py */; };
		BF42DE07114FF65F008754B2 /* customCfg.py in Resources */ = {isa = PBXBuildFile; fileRef = BF42DE06114FF65F008754B2 /* customCfg.py */; };
		BF42DE30114FFBE3008754B2 /* MeshViewer.py in Resources */ = {isa = PBXBuildFile; fileRef = BF42DE2F114FFBE3008754B2 /* MeshViewer.py */; };
		BF42DE34114FFE3E008754B2 /* objLoader.py in Resources */ = {isa = PBXBuildFile; fileRef = BF42DE33114FFE3E008754B2 /* objLoader.py */; };
		BF43D6AC10CB2BB900F1F642 /* main.py in Resources */ = {isa = PBXBuildFile; fileRef = BF43D6AB10CB2BB900F1F642 /* main.py */; };
		BF5E23BE11C138FD003EF057 /* ocController.py in Resources */ = {isa = PBXBuildFile; fileRef = BF5E23BD11C138FD003EF057 /* ocController.py */; };
		BF5E240511C13A3F003EF057 /* electrodeController in Resources */ = {isa = PBXBuildFile; fileRef = BF5E23C511C13A3F003EF057 /* electrodeController */; };
		BF5E3AD011C13FAC003EF057 /* python2.6_env in Resources */ = {isa = PBXBuildFile; fileRef = BF5E245D11C13FA9003EF057 /* python2.6_env */; };
		BF5E3AF811C15608003EF057 /* Interface.xib in Resources */ = {isa = PBXBuildFile; fileRef = BF5E3AF711C15608003EF057 /* Interface.xib */; };
		BF5E3B8611C16EAC003EF057 /* zoomView.py in Resources */ = {isa = PBXBuildFile; fileRef = BF5E3B8511C16EAC003EF057 /* zoomView.py */; };
		BF5E3B8811C16EC8003EF057 /* ocZoomView.py in Resources */ = {isa = PBXBuildFile; fileRef = BF5E3B8711C16EC8003EF057 /* ocZoomView.py */; };
		BF9C84D811527B5100C68A5A /* physiology_icon.icns in Resources */ = {isa = PBXBuildFile; fileRef = BF9C84D711527B5100C68A5A /* physiology_icon.icns */; };
		BFDBF0D110CDBF7C00962C45 /* example.png in Resources */ = {isa = PBXBuildFile; fileRef = BFDBF0D010CDBF7C00962C45 /* example.png */; };
		BFF6149011C3D7CF00B76C8A /* ocCenteringSlider.py in Resources */ = {isa = PBXBuildFile; fileRef = BFF6148F11C3D7CF00B76C8A /* ocCenteringSlider.py */; };
/* End PBXBuildFile section */

/* Begin PBXFileReference section */
		089C165DFE840E0CC02AAC07 /* English */ = {isa = PBXFileReference; fileEncoding = 4; lastKnownFileType = text.plist.strings; name = English; path = English.lproj/InfoPlist.strings; sourceTree = "<group>"; };
		1058C7A1FEA54F0111CA2CBB /* Cocoa.framework */ = {isa = PBXFileReference; lastKnownFileType = wrapper.framework; name = Cocoa.framework; path = /System/Library/Frameworks/Cocoa.framework; sourceTree = "<absolute>"; };
		13E42FB307B3F0F600E4EEF1 /* CoreData.framework */ = {isa = PBXFileReference; lastKnownFileType = wrapper.framework; name = CoreData.framework; path = /System/Library/Frameworks/CoreData.framework; sourceTree = "<absolute>"; };
		1DDD58150DA1D0A300B32029 /* English */ = {isa = PBXFileReference; lastKnownFileType = file.xib; name = English; path = English.lproj/MainMenu.xib; sourceTree = "<group>"; };
		256AC3F00F4B6AF500CF3369 /* cncController_Prefix.pch */ = {isa = PBXFileReference; fileEncoding = 4; lastKnownFileType = sourcecode.c.h; path = cncController_Prefix.pch; sourceTree = "<group>"; };
		29B97316FDCFA39411CA2CEA /* main.m */ = {isa = PBXFileReference; fileEncoding = 4; lastKnownFileType = sourcecode.c.objc; path = main.m; sourceTree = "<group>"; };
		29B97324FDCFA39411CA2CEA /* AppKit.framework */ = {isa = PBXFileReference; lastKnownFileType = wrapper.framework; name = AppKit.framework; path = /System/Library/Frameworks/AppKit.framework; sourceTree = "<absolute>"; };
		29B97325FDCFA39411CA2CEA /* Foundation.framework */ = {isa = PBXFileReference; lastKnownFileType = wrapper.framework; name = Foundation.framework; path = /System/Library/Frameworks/Foundation.framework; sourceTree = "<absolute>"; };
		8D1107310486CEB800E47090 /* cncController-Info.plist */ = {isa = PBXFileReference; fileEncoding = 4; lastKnownFileType = text.plist.xml; path = "cncController-Info.plist"; sourceTree = "<group>"; };
		BF1E318D10CB3A2E00163053 /* clockwiseArrows.png */ = {isa = PBXFileReference; lastKnownFileType = image.png; name = clockwiseArrows.png; path = media/clockwiseArrows.png; sourceTree = "<group>"; };
		BF1E318E10CB3A2E00163053 /* counterclockwiseArrows.png */ = {isa = PBXFileReference; lastKnownFileType = image.png; name = counterclockwiseArrows.png; path = media/counterclockwiseArrows.png; sourceTree = "<group>"; };
		BF325C1A1138635F003058BE /* cameraPair.py */ = {isa = PBXFileReference; fileEncoding = 4; lastKnownFileType = text.script.python; path = cameraPair.py; sourceTree = "<group>"; };
		BF325C1E11386383003058BE /* ImageBridge.py */ = {isa = PBXFileReference; fileEncoding = 4; lastKnownFileType = text.script.python; path = ImageBridge.py; sourceTree = "<group>"; };
		BF32A02D11388AC1003058BE /* AtlasViewer.py */ = {isa = PBXFileReference; fileEncoding = 4; lastKnownFileType = text.script.python; path = AtlasViewer.py; sourceTree = "<group>"; };
		BF330D4610CD46D10009217F /* cncController.app */ = {isa = PBXFileReference; explicitFileType = wrapper.application; includeInIndex = 0; path = cncController.app; sourceTree = BUILT_PRODUCTS_DIR; };
		BF333D1D10CD47490009217F /* IPSerialBridge.py */ = {isa = PBXFileReference; fileEncoding = 4; lastKnownFileType = text.script.python; path = IPSerialBridge.py; sourceTree = "<group>"; };
		BF333D2510CD47560009217F /* CNCAxes.py */ = {isa = PBXFileReference; fileEncoding = 4; lastKnownFileType = text.script.python; path = CNCAxes.py; sourceTree = "<group>"; };
		BF333D2810CD47960009217F /* CNCController.py */ = {isa = PBXFileReference; fileEncoding = 4; lastKnownFileType = text.script.python; path = CNCController.py; sourceTree = "<group>"; };
		BF3F3B79119C477C00FAFDE9 /* vector.py */ = {isa = PBXFileReference; fileEncoding = 4; lastKnownFileType = text.script.python; path = vector.py; sourceTree = "<group>"; };
		BF42CC07114FDC0D008754B2 /* cfg.py */ = {isa = PBXFileReference; fileEncoding = 4; lastKnownFileType = text.script.python; path = cfg.py; sourceTree = "<group>"; };
		BF42DE06114FF65F008754B2 /* customCfg.py */ = {isa = PBXFileReference; fileEncoding = 4; lastKnownFileType = text.script.python; path = customCfg.py; sourceTree = "<group>"; };
		BF42DE2F114FFBE3008754B2 /* MeshViewer.py */ = {isa = PBXFileReference; fileEncoding = 4; lastKnownFileType = text.script.python; path = MeshViewer.py; sourceTree = "<group>"; };
		BF42DE33114FFE3E008754B2 /* objLoader.py */ = {isa = PBXFileReference; fileEncoding = 4; lastKnownFileType = text.script.python; path = objLoader.py; sourceTree = "<group>"; };
		BF43D6AB10CB2BB900F1F642 /* main.py */ = {isa = PBXFileReference; fileEncoding = 4; lastKnownFileType = text.script.python; path = main.py; sourceTree = "<group>"; };
		BF5E23BD11C138FD003EF057 /* ocController.py */ = {isa = PBXFileReference; fileEncoding = 4; lastKnownFileType = text.script.python; path = ocController.py; sourceTree = "<group>"; };
		BF5E23C511C13A3F003EF057 /* electrodeController */ = {isa = PBXFileReference; lastKnownFileType = folder; path = electrodeController; sourceTree = "<group>"; };
		BF5E245D11C13FA9003EF057 /* python2.6_env */ = {isa = PBXFileReference; lastKnownFileType = folder; path = python2.6_env; sourceTree = "<group>"; };
		BF5E3AF711C15608003EF057 /* Interface.xib */ = {isa = PBXFileReference; lastKnownFileType = file.xib; path = Interface.xib; sourceTree = "<group>"; };
		BF5E3B8511C16EAC003EF057 /* zoomView.py */ = {isa = PBXFileReference; fileEncoding = 4; lastKnownFileType = text.script.python; path = zoomView.py; sourceTree = "<group>"; };
		BF5E3B8711C16EC8003EF057 /* ocZoomView.py */ = {isa = PBXFileReference; fileEncoding = 4; lastKnownFileType = text.script.python; path = ocZoomView.py; sourceTree = "<group>"; };
		BF9C84D711527B5100C68A5A /* physiology_icon.icns */ = {isa = PBXFileReference; lastKnownFileType = image.icns; path = physiology_icon.icns; sourceTree = "<group>"; };
		BFDBF0D010CDBF7C00962C45 /* example.png */ = {isa = PBXFileReference; lastKnownFileType = image.png; name = example.png; path = media/example.png; sourceTree = "<group>"; };
		BFF6148F11C3D7CF00B76C8A /* ocCenteringSlider.py */ = {isa = PBXFileReference; fileEncoding = 4; lastKnownFileType = text.script.python; path = ocCenteringSlider.py; sourceTree = "<group>"; };
/* End PBXFileReference section */

/* Begin PBXFrameworksBuildPhase section */
		8D11072E0486CEB800E47090 /* Frameworks */ = {
			isa = PBXFrameworksBuildPhase;
			buildActionMask = 2147483647;
			files = (
				8D11072F0486CEB800E47090 /* Cocoa.framework in Frameworks */,
			);
			runOnlyForDeploymentPostprocessing = 0;
		};
/* End PBXFrameworksBuildPhase section */

/* Begin PBXGroup section */
		080E96DDFE201D6D7F000001 /* Classes */ = {
			isa = PBXGroup;
			children = (
				BF5E23C511C13A3F003EF057 /* electrodeController */,
				BF32A02C11388AAD003058BE /* Atlas */,
				BF9CA8EC11385C0500B0BCB0 /* Stereo Camera */,
				BF9CA82611385BD300B0BCB0 /* CNC */,
			);
			name = Classes;
			sourceTree = "<group>";
		};
		1058C7A0FEA54F0111CA2CBB /* Linked Frameworks */ = {
			isa = PBXGroup;
			children = (
				1058C7A1FEA54F0111CA2CBB /* Cocoa.framework */,
			);
			name = "Linked Frameworks";
			sourceTree = "<group>";
		};
		1058C7A2FEA54F0111CA2CBB /* Other Frameworks */ = {
			isa = PBXGroup;
			children = (
				29B97324FDCFA39411CA2CEA /* AppKit.framework */,
				13E42FB307B3F0F600E4EEF1 /* CoreData.framework */,
				29B97325FDCFA39411CA2CEA /* Foundation.framework */,
			);
			name = "Other Frameworks";
			sourceTree = "<group>";
		};
		19C28FACFE9D520D11CA2CBB /* Products */ = {
			isa = PBXGroup;
			children = (
				BF330D4610CD46D10009217F /* cncController.app */,
			);
			name = Products;
			sourceTree = "<group>";
		};
		29B97314FDCFA39411CA2CEA /* cncController */ = {
			isa = PBXGroup;
			children = (
				080E96DDFE201D6D7F000001 /* Classes */,
				29B97315FDCFA39411CA2CEA /* Other Sources */,
				29B97317FDCFA39411CA2CEA /* Resources */,
				29B97323FDCFA39411CA2CEA /* Frameworks */,
				19C28FACFE9D520D11CA2CBB /* Products */,
			);
			name = cncController;
			sourceTree = "<group>";
		};
		29B97315FDCFA39411CA2CEA /* Other Sources */ = {
			isa = PBXGroup;
			children = (
				BF3F3B79119C477C00FAFDE9 /* vector.py */,
				BF5E3B8511C16EAC003EF057 /* zoomView.py */,
				256AC3F00F4B6AF500CF3369 /* cncController_Prefix.pch */,
				29B97316FDCFA39411CA2CEA /* main.m */,
				BF43D6AB10CB2BB900F1F642 /* main.py */,
				BF42DE06114FF65F008754B2 /* customCfg.py */,
				BF42CC07114FDC0D008754B2 /* cfg.py */,
				BF5E23BD11C138FD003EF057 /* ocController.py */,
				BFF6148F11C3D7CF00B76C8A /* ocCenteringSlider.py */,
				BF5E3B8711C16EC8003EF057 /* ocZoomView.py */,
			);
			name = "Other Sources";
			sourceTree = "<group>";
		};
		29B97317FDCFA39411CA2CEA /* Resources */ = {
			isa = PBXGroup;
			children = (
				BF5E245D11C13FA9003EF057 /* python2.6_env */,
				BF9C84D711527B5100C68A5A /* physiology_icon.icns */,
				BF1E318C10CB3A0E00163053 /* media */,
				8D1107310486CEB800E47090 /* cncController-Info.plist */,
				089C165CFE840E0CC02AAC07 /* InfoPlist.strings */,
				1DDD58140DA1D0A300B32029 /* MainMenu.xib */,
				BF5E3AF711C15608003EF057 /* Interface.xib */,
			);
			name = Resources;
			sourceTree = "<group>";
		};
		29B97323FDCFA39411CA2CEA /* Frameworks */ = {
			isa = PBXGroup;
			children = (
				1058C7A0FEA54F0111CA2CBB /* Linked Frameworks */,
				1058C7A2FEA54F0111CA2CBB /* Other Frameworks */,
			);
			name = Frameworks;
			sourceTree = "<group>";
		};
		BF1E318C10CB3A0E00163053 /* media */ = {
			isa = PBXGroup;
			children = (
				BFDBF0D010CDBF7C00962C45 /* example.png */,
				BF1E318D10CB3A2E00163053 /* clockwiseArrows.png */,
				BF1E318E10CB3A2E00163053 /* counterclockwiseArrows.png */,
			);
			name = media;
			sourceTree = "<group>";
		};
		BF32A02C11388AAD003058BE /* Atlas */ = {
			isa = PBXGroup;
			children = (
				BF42DE2F114FFBE3008754B2 /* MeshViewer.py */,
				BF42DE33114FFE3E008754B2 /* objLoader.py */,
				BF32A02D11388AC1003058BE /* AtlasViewer.py */,
			);
			name = Atlas;
			sourceTree = "<group>";
		};
		BF9CA82611385BD300B0BCB0 /* CNC */ = {
			isa = PBXGroup;
			children = (
				BF333D2510CD47560009217F /* CNCAxes.py */,
				BF333D1D10CD47490009217F /* IPSerialBridge.py */,
				BF333D2810CD47960009217F /* CNCController.py */,
			);
			name = CNC;
			sourceTree = "<group>";
		};
		BF9CA8EC11385C0500B0BCB0 /* Stereo Camera */ = {
			isa = PBXGroup;
			children = (
				BF325C1A1138635F003058BE /* cameraPair.py */,
				BF325C1E11386383003058BE /* ImageBridge.py */,
			);
			name = "Stereo Camera";
			sourceTree = "<group>";
		};
/* End PBXGroup section */

/* Begin PBXNativeTarget section */
		8D1107260486CEB800E47090 /* cncController */ = {
			isa = PBXNativeTarget;
			buildConfigurationList = C01FCF4A08A954540054247B /* Build configuration list for PBXNativeTarget "cncController" */;
			buildPhases = (
				8D1107290486CEB800E47090 /* Resources */,
				8D11072C0486CEB800E47090 /* Sources */,
				8D11072E0486CEB800E47090 /* Frameworks */,
			);
			buildRules = (
			);
			dependencies = (
			);
			name = cncController;
			productInstallPath = "$(HOME)/Applications";
			productName = cncController;
			productReference = BF330D4610CD46D10009217F /* cncController.app */;
			productType = "com.apple.product-type.application";
		};
/* End PBXNativeTarget section */

/* Begin PBXProject section */
		29B97313FDCFA39411CA2CEA /* Project object */ = {
			isa = PBXProject;
			buildConfigurationList = C01FCF4E08A954540054247B /* Build configuration list for PBXProject "cncController" */;
			compatibilityVersion = "Xcode 3.1";
			hasScannedForEncodings = 1;
			mainGroup = 29B97314FDCFA39411CA2CEA /* cncController */;
			projectDirPath = "";
			projectRoot = "";
			targets = (
				8D1107260486CEB800E47090 /* cncController */,
			);
		};
/* End PBXProject section */

/* Begin PBXResourcesBuildPhase section */
		8D1107290486CEB800E47090 /* Resources */ = {
			isa = PBXResourcesBuildPhase;
			buildActionMask = 2147483647;
			files = (
				8D11072B0486CEB800E47090 /* InfoPlist.strings in Resources */,
				1DDD58160DA1D0A300B32029 /* MainMenu.xib in Resources */,
				BF43D6AC10CB2BB900F1F642 /* main.py in Resources */,
				BF1E318F10CB3A2E00163053 /* clockwiseArrows.png in Resources */,
				BF1E319010CB3A2E00163053 /* counterclockwiseArrows.png in Resources */,
				BF333D1E10CD47490009217F /* IPSerialBridge.py in Resources */,
				BF333D2610CD47560009217F /* CNCAxes.py in Resources */,
				BF333D2910CD47960009217F /* CNCController.py in Resources */,
				BFDBF0D110CDBF7C00962C45 /* example.png in Resources */,
				BF325C1B1138635F003058BE /* cameraPair.py in Resources */,
				BF325C1F11386383003058BE /* ImageBridge.py in Resources */,
				BF32A02E11388AC1003058BE /* AtlasViewer.py in Resources */,
				BF42CC08114FDC0D008754B2 /* cfg.py in Resources */,
				BF42DE07114FF65F008754B2 /* customCfg.py in Resources */,
				BF42DE30114FFBE3008754B2 /* MeshViewer.py in Resources */,
				BF42DE34114FFE3E008754B2 /* objLoader.py in Resources */,
				BF9C84D811527B5100C68A5A /* physiology_icon.icns in Resources */,
				BF3F3B7A119C477C00FAFDE9 /* vector.py in Resources */,
				BF5E23BE11C138FD003EF057 /* ocController.py in Resources */,
				BF5E240511C13A3F003EF057 /* electrodeController in Resources */,
				BF5E3AD011C13FAC003EF057 /* python2.6_env in Resources */,
				BF5E3AF811C15608003EF057 /* Interface.xib in Resources */,
				BF5E3B8611C16EAC003EF057 /* zoomView.py in Resources */,
				BF5E3B8811C16EC8003EF057 /* ocZoomView.py in Resources */,
				BFF6149011C3D7CF00B76C8A /* ocCenteringSlider.py in Resources */,
			);
			runOnlyForDeploymentPostprocessing = 0;
		};
/* End PBXResourcesBuildPhase section */

/* Begin PBXSourcesBuildPhase section */
		8D11072C0486CEB800E47090 /* Sources */ = {
			isa = PBXSourcesBuildPhase;
			buildActionMask = 2147483647;
			files = (
				8D11072D0486CEB800E47090 /* main.m in Sources */,
			);
			runOnlyForDeploymentPostprocessing = 0;
		};
/* End PBXSourcesBuildPhase section */

/* Begin PBXVariantGroup section */
		089C165CFE840E0CC02AAC07 /* InfoPlist.strings */ = {
			isa = PBXVariantGroup;
			children = (
				089C165DFE840E0CC02AAC07 /* English */,
			);
			name = InfoPlist.strings;
			sourceTree = "<group>";
		};
		1DDD58140DA1D0A300B32029 /* MainMenu.xib */ = {
			isa = PBXVariantGroup;
			children = (
				1DDD58150DA1D0A300B32029 /* English */,
			);
			name = MainMenu.xib;
			sourceTree = "<group>";
		};
/* End PBXVariantGroup section */

/* Begin XCBuildConfiguration section */
		C01FCF4B08A954540054247B /* Debug */ = {
			isa = XCBuildConfiguration;
			buildSettings = {
				ALWAYS_SEARCH_USER_PATHS = NO;
				COPY_PHASE_STRIP = NO;
				FRAMEWORK_SEARCH_PATHS = /System/Library/Frameworks;
				GCC_DYNAMIC_NO_PIC = NO;
				GCC_ENABLE_FIX_AND_CONTINUE = YES;
				GCC_MODEL_TUNING = G5;
				GCC_OPTIMIZATION_LEVEL = 0;
				GCC_PRECOMPILE_PREFIX_HEADER = YES;
				GCC_PREFIX_HEADER = cncController_Prefix.pch;
				INFOPLIST_FILE = "cncController-Info.plist";
				INSTALL_PATH = "$(HOME)/Applications";
				LIBRARY_SEARCH_PATHS = (
					"$(inherited)",
					"\"$(SRCROOT)/python2.6_env\"",
					"\"$(SRCROOT)/python2.6_env/lib\"",
					"\"$(SRCROOT)/python2.6_env/lib/python2.6/config\"",
					"\"$(SRCROOT)/python2.6_env/lib/python2.6/site-packages\"",
					"\"$(SRCROOT)/python2.6_env/lib/python2.6/site-packages/numpy/core/lib\"",
				);
				OTHER_LDFLAGS = (
					"-L/usr/lib/python2.6",
					"-lpython",
				);
				PRODUCT_NAME = cncController;
			};
			name = Debug;
		};
		C01FCF4C08A954540054247B /* Release */ = {
			isa = XCBuildConfiguration;
			buildSettings = {
				ALWAYS_SEARCH_USER_PATHS = NO;
				DEBUG_INFORMATION_FORMAT = "dwarf-with-dsym";
				GCC_MODEL_TUNING = G5;
				GCC_PRECOMPILE_PREFIX_HEADER = YES;
				GCC_PREFIX_HEADER = cncController_Prefix.pch;
				INFOPLIST_FILE = "cncController-Info.plist";
				INSTALL_PATH = "$(HOME)/Applications";
				LIBRARY_SEARCH_PATHS = (
					"$(inherited)",
					"\"$(SRCROOT)/python2.6_env\"",
					"\"$(SRCROOT)/python2.6_env/lib\"",
					"\"$(SRCROOT)/python2.6_env/lib/python2.6/config\"",
					"\"$(SRCROOT)/python2.6_env/lib/python2.6/site-packages\"",
					"\"$(SRCROOT)/python2.6_env/lib/python2.6/site-packages/numpy/core/lib\"",
				);
				PRODUCT_NAME = cncController;
			};
			name = Release;
		};
		C01FCF4F08A954540054247B /* Debug */ = {
			isa = XCBuildConfiguration;
			buildSettings = {
				ARCHS = "$(ARCHS_STANDARD_32_64_BIT)";
				GCC_C_LANGUAGE_STANDARD = gnu99;
				GCC_OPTIMIZATION_LEVEL = 0;
				GCC_WARN_ABOUT_RETURN_TYPE = YES;
				GCC_WARN_UNUSED_VARIABLE = YES;
				ONLY_ACTIVE_ARCH = YES;
				PREBINDING = NO;
				SDKROOT = macosx10.6;
			};
			name = Debug;
		};
		C01FCF5008A954540054247B /* Release */ = {
			isa = XCBuildConfiguration;
			buildSettings = {
				ARCHS = "$(ARCHS_STANDARD_32_64_BIT)";
				GCC_C_LANGUAGE_STANDARD = gnu99;
				GCC_WARN_ABOUT_RETURN_TYPE = YES;
				GCC_WARN_UNUSED_VARIABLE = YES;
				PREBINDING = NO;
				SDKROOT = macosx10.6;
			};
			name = Release;
		};
/* End XCBuildConfiguration section */

/* Begin XCConfigurationList section */
		C01FCF4A08A954540054247B /* Build configuration list for PBXNativeTarget "cncController" */ = {
			isa = XCConfigurationList;
			buildConfigurations = (
				C01FCF4B08A954540054247B /* Debug */,
				C01FCF4C08A954540054247B /* Release */,
			);
			defaultConfigurationIsVisible = 0;
			defaultConfigurationName = Release;
		};
		C01FCF4E08A954540054247B /* Build configuration list for PBXProject "cncController" */ = {
			isa = XCConfigurationList;
			buildConfigurations = (
				C01FCF4F08A954540054247B /* Debug */,
				C01FCF5008A954540054247B /* Release */,
			);
			defaultConfigurationIsVisible = 0;
			defaultConfigurationName = Release;
		};
/* End XCConfigurationList section */
	};
	rootObject = 29B97313FDCFA39411CA2CEA /* Project object */;
}
